
Microsoft Visual Studio Solution File, Format Version 12.00
# Visual Studio Version 16
VisualStudioVersion = 16.0.28803.452
MinimumVisualStudioVersion = 10.0.40219.1
Project("{FAE04EC0-301F-11D3-BF4B-00C04F79EFBC}") = "Coderr.IntegrationTests.Core", "Coderr.IntegrationTests\Coderr.IntegrationTests.Core.csproj", "{34664F2D-1E01-4F53-BB58-D6ADEC5BC198}"
EndProject
Global
	GlobalSection(SolutionConfigurationPlatforms) = preSolution
		Debug|Any CPU = Debug|Any CPU
		Release|Any CPU = Release|Any CPU
	EndGlobalSection
	GlobalSection(ProjectConfigurationPlatforms) = postSolution
		{34664F2D-1E01-4F53-BB58-D6ADEC5BC198}.Debug|Any CPU.ActiveCfg = Debug|Any CPU
		{34664F2D-1E01-4F53-BB58-D6ADEC5BC198}.Debug|Any CPU.Build.0 = Debug|Any CPU
		{34664F2D-1E01-4F53-BB58-D6ADEC5BC198}.Release|Any CPU.ActiveCfg = Release|Any CPU
		{34664F2D-1E01-4F53-BB58-D6ADEC5BC198}.Release|Any CPU.Build.0 = Release|Any CPU
	EndGlobalSection
	GlobalSection(SolutionProperties) = preSolution
		HideSolutionNode = FALSE
	EndGlobalSection
	GlobalSection(ExtensibilityGlobals) = postSolution
		SolutionGuid = {4194B7ED-88BE-4E19-8201-DC3B865D7CA9}
	EndGlobalSection
EndGlobal
